
Microsoft Visual Studio Solution File, Format Version 12.00
# Visual Studio Version 17
VisualStudioVersion = 17.0.31903.59
MinimumVisualStudioVersion = 10.0.40219.1
Project("{9A19103F-16F7-4668-BE54-9A1E7A4F7556}") = "Belp.Templates", "src\Belp.Templates\Belp.Templates.csproj", "{6B469C6F-358B-4C60-98CB-7871D54F6FBF}"
EndProject
Global
	GlobalSection(SolutionConfigurationPlatforms) = preSolution
		Debug|Any CPU = Debug|Any CPU
		Release|Any CPU = Release|Any CPU
	EndGlobalSection
	GlobalSection(ProjectConfigurationPlatforms) = postSolution
		{6B469C6F-358B-4C60-98CB-7871D54F6FBF}.Debug|Any CPU.ActiveCfg = Release|Any CPU
		{6B469C6F-358B-4C60-98CB-7871D54F6FBF}.Debug|Any CPU.Build.0 = Release|Any CPU
		{6B469C6F-358B-4C60-98CB-7871D54F6FBF}.Release|Any CPU.ActiveCfg = Release|Any CPU
		{6B469C6F-358B-4C60-98CB-7871D54F6FBF}.Release|Any CPU.Build.0 = Release|Any CPU
	EndGlobalSection
	GlobalSection(SolutionProperties) = preSolution
		HideSolutionNode = FALSE
	EndGlobalSection
EndGlobal
